# THIS IS AN AUTOGENERATED FILE. DO NOT EDIT THIS FILE DIRECTLY.
# yarn lockfile v1


estree-walker@^0.6.1:
  version "0.6.1"
  resolved "https://registry.yarnpkg.com/estree-walker/-/estree-walker-0.6.1.tgz#53049143f40c6eb918b23671d1fe3219f3a1b362"
  integrity sha512-SqmZANLWS0mnatqbSfRP5g8OXZC12Fgg1IwNtLsyHDzJizORW4khDfjPqJZsemPWBB2uqykUah5YpQ6epsqC/w==

fomantic-ui-css@^2.9.2:
  version "2.9.2"
  resolved "https://registry.yarnpkg.com/fomantic-ui-css/-/fomantic-ui-css-2.9.2.tgz#b445206bb0c1547ff05abbecc4725107749f7f54"
  integrity sha512-D2KogymuA0t7z7zLoekSorgpOKil+q8y09sfYmWP1LcEA1WYRcMKdm5okjnxn4eopl8j45WBnWrkgtobNSbY2w==
  dependencies:
    jquery "^3.4.0"

jquery@^3.4.0, jquery@^3.6.3:
  version "3.6.4"
  resolved "https://registry.yarnpkg.com/jquery/-/jquery-3.6.4.tgz#ba065c188142100be4833699852bf7c24dc0252f"
  integrity sha512-v28EW9DWDFpzcD9O5iyJXg3R3+q+mET5JhnjJzQUZMHOv67bpSIHq81GEYpPNZHG+XXHsfSme3nxp/hndKEcsQ==

prism-svelte@^0.4.7:
  version "0.4.7"
  resolved "https://registry.yarnpkg.com/prism-svelte/-/prism-svelte-0.4.7.tgz#fbc6709450b4e2ed660ddb82c3718817fc584cbe"
  integrity sha512-yABh19CYbM24V7aS7TuPYRNMqthxwbvx6FF/Rw920YbyBWO3tnyPIqRMgHuSVsLmuHkkBS1Akyof463FVdkeDQ==

prismjs@^1.27.0:
  version "1.29.0"
  resolved "https://registry.yarnpkg.com/prismjs/-/prismjs-1.29.0.tgz#f113555a8fa9b57c35e637bba27509dcf802dd12"
  integrity sha512-Kx/1w86q/epKcmte75LNrEoT+lX8pBpavuAbvJWRXar7Hz8jrtF+e3vY751p0R8H9HdArwaCTNDDzHg/ScJK1Q==

require-relative@^0.8.7:
  version "0.8.7"
  resolved "https://registry.yarnpkg.com/require-relative/-/require-relative-0.8.7.tgz#7999539fc9e047a37928fa196f8e1563dabd36de"
  integrity sha512-AKGr4qvHiryxRb19m3PsLRGuKVAbJLUD7E6eOaHkfKhwc+vSgVOCY5xNvm9EkolBKTOf0GrQAZKLimOCz81Khg==

rollup-plugin-svelte@^6.1.0:
  version "6.1.1"
  resolved "https://registry.yarnpkg.com/rollup-plugin-svelte/-/rollup-plugin-svelte-6.1.1.tgz#66362cf0500fb7a848283ebcf19d289a60ef0871"
  integrity sha512-ijnm0pH1ScrY4uxwaNXBpNVejVzpL2769hIEbAlnqNUWZrffLspu5/k9/l/Wsj3NrEHLQ6wCKGagVJonyfN7ow==
  dependencies:
    require-relative "^0.8.7"
    rollup-pluginutils "^2.8.2"
    sourcemap-codec "^1.4.8"

rollup-pluginutils@^2.8.2:
  version "2.8.2"
  resolved "https://registry.yarnpkg.com/rollup-pluginutils/-/rollup-pluginutils-2.8.2.tgz#72f2af0748b592364dbd3389e600e5a9444a351e"
  integrity sha512-EEp9NhnUkwY8aif6bxgovPHMoMoNr2FulJziTndpt5H9RdwC47GSGuII9XxpSdzVGM0GWrNPHV6ie1LTNJPaLQ==
  dependencies:
    estree-walker "^0.6.1"

sourcemap-codec@^1.4.8:
  version "1.4.8"
  resolved "https://registry.yarnpkg.com/sourcemap-codec/-/sourcemap-codec-1.4.8.tgz#ea804bd94857402e6992d05a38ef1ae35a9ab4c4"
  integrity sha512-9NykojV5Uih4lgo5So5dtw+f0JgJX30KCNI8gwhz2J9A15wD0Ml6tjHKwf6fTSa6fAdVBdZeNOs9eJ71qCk8vA==

svelte-fomantic-ui@^0.0.22:
  version "0.0.22"
  resolved "https://registry.yarnpkg.com/svelte-fomantic-ui/-/svelte-fomantic-ui-0.0.22.tgz#167b9a09b966e20216f23b69b3d3a53484165bf8"
  integrity sha512-/46PiNC6oLr2LlUeYvk4NVd56bWxIVW6nPgeCMRVUPRj3Uqa6+qfu2FW8NQDywh8yC76gHY7LwyOTAv30l18Ng==
  dependencies:
    fomantic-ui-css "^2.9.2"
    jquery "^3.6.3"
    svelte-prism "^1.1.6"
    vite-plugin-svelte "^3.0.1"

svelte-hmr@^0.11.3:
  version "0.11.6"
  resolved "https://registry.yarnpkg.com/svelte-hmr/-/svelte-hmr-0.11.6.tgz#67f0498e2cdce9e1039631d820c1951bd01caa3f"
  integrity sha512-XUYcp7W26q/fF8tABZfCYGklwL4TDH48gc1KOjuBQNlTiMW63l/+rRqmfVOE/qKG5vns0J2NPo3zFjdahkwoHA==

svelte-prism@^1.1.6:
  version "1.1.6"
  resolved "https://registry.yarnpkg.com/svelte-prism/-/svelte-prism-1.1.6.tgz#a9ab00576d4a66e69be688540c1df65bb2ed2701"
  integrity sha512-FEVBqD1wcSKYwRpgaMGRfEIQPquKMwo+vl91lnFHhQCtTivxgkCS6ZWNOyvZGRsNbWk50fYZOWOp3xXIBWNeSw==
  dependencies:
    prism-svelte "^0.4.7"
    prismjs "^1.27.0"

vite-plugin-svelte@^3.0.1:
  version "3.0.1"
  resolved "https://registry.yarnpkg.com/vite-plugin-svelte/-/vite-plugin-svelte-3.0.1.tgz#416ef91210fbf8aa9a2710d25aaae87590c04512"
  integrity sha512-R4XFM4pmeJ9GwKs5mcDDDQs1e6xvCrBumGLnApPdYarS6+kfDqeC0U1WOLp6LLUx1sUdv7poywnr9eNKenQfkg==
  dependencies:
    rollup-plugin-svelte "^6.1.0"
    svelte-hmr "^0.11.3"
